
Microsoft Visual Studio Solution File, Format Version 12.00
# Visual Studio Version 16
VisualStudioVersion = 16.0.31112.23
MinimumVisualStudioVersion = 10.0.40219.1
Project("{FAE04EC0-301F-11D3-BF4B-00C04F79EFBC}") = "Clothes_API", "Clothes_API\Clothes_API.csproj", "{9E2B9CFA-4B06-4EF9-AF2A-2328306AC3B6}"
EndProject
Global
	GlobalSection(SolutionConfigurationPlatforms) = preSolution
		Debug|Any CPU = Debug|Any CPU
		Release|Any CPU = Release|Any CPU
	EndGlobalSection
	GlobalSection(ProjectConfigurationPlatforms) = postSolution
		{9E2B9CFA-4B06-4EF9-AF2A-2328306AC3B6}.Debug|Any CPU.ActiveCfg = Debug|Any CPU
		{9E2B9CFA-4B06-4EF9-AF2A-2328306AC3B6}.Debug|Any CPU.Build.0 = Debug|Any CPU
		{9E2B9CFA-4B06-4EF9-AF2A-2328306AC3B6}.Release|Any CPU.ActiveCfg = Release|Any CPU
		{9E2B9CFA-4B06-4EF9-AF2A-2328306AC3B6}.Release|Any CPU.Build.0 = Release|Any CPU
	EndGlobalSection
	GlobalSection(SolutionProperties) = preSolution
		HideSolutionNode = FALSE
	EndGlobalSection
	GlobalSection(ExtensibilityGlobals) = postSolution
		SolutionGuid = {3EE1C3E6-1623-42A4-A4B7-BC238DC29DF6}
	EndGlobalSection
EndGlobal
